
Microsoft Visual Studio Solution File, Format Version 12.00
# Visual Studio Version 17
VisualStudioVersion = 17.11.35312.102
MinimumVisualStudioVersion = 10.0.40219.1
Project("{FAE04EC0-301F-11D3-BF4B-00C04F79EFBC}") = "3.SemesterOpg4TCPServer", "3.SemesterOpg4TCPServer\3.SemesterOpg4TCPServer.csproj", "{19FC4DF4-7FE8-4FCF-9140-E356D1C102F3}"
EndProject
Global
	GlobalSection(SolutionConfigurationPlatforms) = preSolution
		Debug|Any CPU = Debug|Any CPU
		Release|Any CPU = Release|Any CPU
	EndGlobalSection
	GlobalSection(ProjectConfigurationPlatforms) = postSolution
		{19FC4DF4-7FE8-4FCF-9140-E356D1C102F3}.Debug|Any CPU.ActiveCfg = Debug|Any CPU
		{19FC4DF4-7FE8-4FCF-9140-E356D1C102F3}.Debug|Any CPU.Build.0 = Debug|Any CPU
		{19FC4DF4-7FE8-4FCF-9140-E356D1C102F3}.Release|Any CPU.ActiveCfg = Release|Any CPU
		{19FC4DF4-7FE8-4FCF-9140-E356D1C102F3}.Release|Any CPU.Build.0 = Release|Any CPU
	EndGlobalSection
	GlobalSection(SolutionProperties) = preSolution
		HideSolutionNode = FALSE
	EndGlobalSection
	GlobalSection(ExtensibilityGlobals) = postSolution
		SolutionGuid = {D2845B62-6248-4359-827B-7133760333EB}
	EndGlobalSection
EndGlobal
